
Microsoft Visual Studio Solution File, Format Version 12.00
# Visual Studio 2012
Project("{FAE04EC0-301F-11D3-BF4B-00C04F79EFBC}") = "Onliner.Model", "Onliner.Model\Onliner.Model.csproj", "{BB733EDD-A00A-4118-8556-A941C00FDDD4}"
EndProject
Project("{FAE04EC0-301F-11D3-BF4B-00C04F79EFBC}") = "Onliner.Common", "Onliner.Common\Onliner.Common.csproj", "{02D4B19B-2CF2-4C45-82F5-30A7287EEF6C}"
EndProject
Project("{FAE04EC0-301F-11D3-BF4B-00C04F79EFBC}") = "OnlinerHub", "OnlinerHub\OnlinerHub.csproj", "{F1EA755B-38A6-4A02-9D8C-539E1426CBF2}"
EndProject
Project("{FAE04EC0-301F-11D3-BF4B-00C04F79EFBC}") = "CacheHub", "CacheHub\CacheHub.csproj", "{D5343E71-33FC-4DAA-957D-918BC89EA116}"
EndProject
Project("{FAE04EC0-301F-11D3-BF4B-00C04F79EFBC}") = "Onliner", "Onliner\Onliner.csproj", "{B5A5BE6A-C05B-42BB-A884-4044FD02E023}"
EndProject
Project("{2150E333-8FDC-42A3-9474-1A3956D46DE8}") = "Controls", "Controls", "{B7973F5B-B839-479F-9D50-A3A91E941B7C}"
EndProject
Project("{FAE04EC0-301F-11D3-BF4B-00C04F79EFBC}") = "HtmlTextBlockControl", "Controls\HtmlTextBlockControl\HtmlTextBlockControl.csproj", "{48901D54-1574-47A3-88C3-413B5F1D0E3B}"
EndProject
Global
	GlobalSection(SolutionConfigurationPlatforms) = preSolution
		Debug|Any CPU = Debug|Any CPU
		Debug|ARM = Debug|ARM
		Debug|x86 = Debug|x86
		Release|Any CPU = Release|Any CPU
		Release|ARM = Release|ARM
		Release|x86 = Release|x86
	EndGlobalSection
	GlobalSection(ProjectConfigurationPlatforms) = postSolution
		{BB733EDD-A00A-4118-8556-A941C00FDDD4}.Debug|Any CPU.ActiveCfg = Debug|Any CPU
		{BB733EDD-A00A-4118-8556-A941C00FDDD4}.Debug|Any CPU.Build.0 = Debug|Any CPU
		{BB733EDD-A00A-4118-8556-A941C00FDDD4}.Debug|ARM.ActiveCfg = Debug|Any CPU
		{BB733EDD-A00A-4118-8556-A941C00FDDD4}.Debug|x86.ActiveCfg = Debug|Any CPU
		{BB733EDD-A00A-4118-8556-A941C00FDDD4}.Release|Any CPU.ActiveCfg = Release|Any CPU
		{BB733EDD-A00A-4118-8556-A941C00FDDD4}.Release|Any CPU.Build.0 = Release|Any CPU
		{BB733EDD-A00A-4118-8556-A941C00FDDD4}.Release|ARM.ActiveCfg = Release|Any CPU
		{BB733EDD-A00A-4118-8556-A941C00FDDD4}.Release|x86.ActiveCfg = Release|Any CPU
		{02D4B19B-2CF2-4C45-82F5-30A7287EEF6C}.Debug|Any CPU.ActiveCfg = Debug|Any CPU
		{02D4B19B-2CF2-4C45-82F5-30A7287EEF6C}.Debug|Any CPU.Build.0 = Debug|Any CPU
		{02D4B19B-2CF2-4C45-82F5-30A7287EEF6C}.Debug|ARM.ActiveCfg = Debug|Any CPU
		{02D4B19B-2CF2-4C45-82F5-30A7287EEF6C}.Debug|x86.ActiveCfg = Debug|Any CPU
		{02D4B19B-2CF2-4C45-82F5-30A7287EEF6C}.Release|Any CPU.ActiveCfg = Release|Any CPU
		{02D4B19B-2CF2-4C45-82F5-30A7287EEF6C}.Release|Any CPU.Build.0 = Release|Any CPU
		{02D4B19B-2CF2-4C45-82F5-30A7287EEF6C}.Release|ARM.ActiveCfg = Release|Any CPU
		{02D4B19B-2CF2-4C45-82F5-30A7287EEF6C}.Release|x86.ActiveCfg = Release|Any CPU
		{F1EA755B-38A6-4A02-9D8C-539E1426CBF2}.Debug|Any CPU.ActiveCfg = Debug|Any CPU
		{F1EA755B-38A6-4A02-9D8C-539E1426CBF2}.Debug|Any CPU.Build.0 = Debug|Any CPU
		{F1EA755B-38A6-4A02-9D8C-539E1426CBF2}.Debug|ARM.ActiveCfg = Debug|Any CPU
		{F1EA755B-38A6-4A02-9D8C-539E1426CBF2}.Debug|x86.ActiveCfg = Debug|Any CPU
		{F1EA755B-38A6-4A02-9D8C-539E1426CBF2}.Release|Any CPU.ActiveCfg = Release|Any CPU
		{F1EA755B-38A6-4A02-9D8C-539E1426CBF2}.Release|Any CPU.Build.0 = Release|Any CPU
		{F1EA755B-38A6-4A02-9D8C-539E1426CBF2}.Release|ARM.ActiveCfg = Release|Any CPU
		{F1EA755B-38A6-4A02-9D8C-539E1426CBF2}.Release|x86.ActiveCfg = Release|Any CPU
		{D5343E71-33FC-4DAA-957D-918BC89EA116}.Debug|Any CPU.ActiveCfg = Debug|Any CPU
		{D5343E71-33FC-4DAA-957D-918BC89EA116}.Debug|Any CPU.Build.0 = Debug|Any CPU
		{D5343E71-33FC-4DAA-957D-918BC89EA116}.Debug|ARM.ActiveCfg = Debug|Any CPU
		{D5343E71-33FC-4DAA-957D-918BC89EA116}.Debug|x86.ActiveCfg = Debug|Any CPU
		{D5343E71-33FC-4DAA-957D-918BC89EA116}.Release|Any CPU.ActiveCfg = Release|Any CPU
		{D5343E71-33FC-4DAA-957D-918BC89EA116}.Release|Any CPU.Build.0 = Release|Any CPU
		{D5343E71-33FC-4DAA-957D-918BC89EA116}.Release|ARM.ActiveCfg = Release|Any CPU
		{D5343E71-33FC-4DAA-957D-918BC89EA116}.Release|x86.ActiveCfg = Release|Any CPU
		{B5A5BE6A-C05B-42BB-A884-4044FD02E023}.Debug|Any CPU.ActiveCfg = Debug|Any CPU
		{B5A5BE6A-C05B-42BB-A884-4044FD02E023}.Debug|Any CPU.Build.0 = Debug|Any CPU
		{B5A5BE6A-C05B-42BB-A884-4044FD02E023}.Debug|Any CPU.Deploy.0 = Debug|Any CPU
		{B5A5BE6A-C05B-42BB-A884-4044FD02E023}.Debug|ARM.ActiveCfg = Debug|ARM
		{B5A5BE6A-C05B-42BB-A884-4044FD02E023}.Debug|ARM.Build.0 = Debug|ARM
		{B5A5BE6A-C05B-42BB-A884-4044FD02E023}.Debug|ARM.Deploy.0 = Debug|ARM
		{B5A5BE6A-C05B-42BB-A884-4044FD02E023}.Debug|x86.ActiveCfg = Debug|x86
		{B5A5BE6A-C05B-42BB-A884-4044FD02E023}.Debug|x86.Build.0 = Debug|x86
		{B5A5BE6A-C05B-42BB-A884-4044FD02E023}.Debug|x86.Deploy.0 = Debug|x86
		{B5A5BE6A-C05B-42BB-A884-4044FD02E023}.Release|Any CPU.ActiveCfg = Release|Any CPU
		{B5A5BE6A-C05B-42BB-A884-4044FD02E023}.Release|Any CPU.Build.0 = Release|Any CPU
		{B5A5BE6A-C05B-42BB-A884-4044FD02E023}.Release|Any CPU.Deploy.0 = Release|Any CPU
		{B5A5BE6A-C05B-42BB-A884-4044FD02E023}.Release|ARM.ActiveCfg = Release|ARM
		{B5A5BE6A-C05B-42BB-A884-4044FD02E023}.Release|ARM.Build.0 = Release|ARM
		{B5A5BE6A-C05B-42BB-A884-4044FD02E023}.Release|ARM.Deploy.0 = Release|ARM
		{B5A5BE6A-C05B-42BB-A884-4044FD02E023}.Release|x86.ActiveCfg = Release|x86
		{B5A5BE6A-C05B-42BB-A884-4044FD02E023}.Release|x86.Build.0 = Release|x86
		{B5A5BE6A-C05B-42BB-A884-4044FD02E023}.Release|x86.Deploy.0 = Release|x86
		{48901D54-1574-47A3-88C3-413B5F1D0E3B}.Debug|Any CPU.ActiveCfg = Debug|Any CPU
		{48901D54-1574-47A3-88C3-413B5F1D0E3B}.Debug|Any CPU.Build.0 = Debug|Any CPU
		{48901D54-1574-47A3-88C3-413B5F1D0E3B}.Debug|ARM.ActiveCfg = Debug|Any CPU
		{48901D54-1574-47A3-88C3-413B5F1D0E3B}.Debug|x86.ActiveCfg = Debug|Any CPU
		{48901D54-1574-47A3-88C3-413B5F1D0E3B}.Release|Any CPU.ActiveCfg = Release|Any CPU
		{48901D54-1574-47A3-88C3-413B5F1D0E3B}.Release|Any CPU.Build.0 = Release|Any CPU
		{48901D54-1574-47A3-88C3-413B5F1D0E3B}.Release|ARM.ActiveCfg = Release|Any CPU
		{48901D54-1574-47A3-88C3-413B5F1D0E3B}.Release|x86.ActiveCfg = Release|Any CPU
	EndGlobalSection
	GlobalSection(SolutionProperties) = preSolution
		HideSolutionNode = FALSE
	EndGlobalSection
	GlobalSection(NestedProjects) = preSolution
		{48901D54-1574-47A3-88C3-413B5F1D0E3B} = {B7973F5B-B839-479F-9D50-A3A91E941B7C}
	EndGlobalSection
EndGlobal
