
Microsoft Visual Studio Solution File, Format Version 12.00
# Visual Studio 2012
Project("{FAE04EC0-301F-11D3-BF4B-00C04F79EFBC}") = "CacheHub", "CacheHub\CacheHub.csproj", "{D5343E71-33FC-4DAA-957D-918BC89EA116}"
EndProject
Project("{FAE04EC0-301F-11D3-BF4B-00C04F79EFBC}") = "Onliner.Common", "Onliner.Common\Onliner.Common.csproj", "{02D4B19B-2CF2-4C45-82F5-30A7287EEF6C}"
EndProject
Project("{FAE04EC0-301F-11D3-BF4B-00C04F79EFBC}") = "Onliner.Model", "Onliner.Model\Onliner.Model.csproj", "{BB733EDD-A00A-4118-8556-A941C00FDDD4}"
EndProject
Project("{FAE04EC0-301F-11D3-BF4B-00C04F79EFBC}") = "OnlinerHub", "OnlinerHub\OnlinerHub.csproj", "{F1EA755B-38A6-4A02-9D8C-539E1426CBF2}"
EndProject
Global
	GlobalSection(SolutionConfigurationPlatforms) = preSolution
		Debug|Any CPU = Debug|Any CPU
		Release|Any CPU = Release|Any CPU
	EndGlobalSection
	GlobalSection(ProjectConfigurationPlatforms) = postSolution
		{D5343E71-33FC-4DAA-957D-918BC89EA116}.Debug|Any CPU.ActiveCfg = Debug|Any CPU
		{D5343E71-33FC-4DAA-957D-918BC89EA116}.Debug|Any CPU.Build.0 = Debug|Any CPU
		{D5343E71-33FC-4DAA-957D-918BC89EA116}.Release|Any CPU.ActiveCfg = Release|Any CPU
		{D5343E71-33FC-4DAA-957D-918BC89EA116}.Release|Any CPU.Build.0 = Release|Any CPU
		{02D4B19B-2CF2-4C45-82F5-30A7287EEF6C}.Debug|Any CPU.ActiveCfg = Debug|Any CPU
		{02D4B19B-2CF2-4C45-82F5-30A7287EEF6C}.Debug|Any CPU.Build.0 = Debug|Any CPU
		{02D4B19B-2CF2-4C45-82F5-30A7287EEF6C}.Release|Any CPU.ActiveCfg = Release|Any CPU
		{02D4B19B-2CF2-4C45-82F5-30A7287EEF6C}.Release|Any CPU.Build.0 = Release|Any CPU
		{BB733EDD-A00A-4118-8556-A941C00FDDD4}.Debug|Any CPU.ActiveCfg = Debug|Any CPU
		{BB733EDD-A00A-4118-8556-A941C00FDDD4}.Debug|Any CPU.Build.0 = Debug|Any CPU
		{BB733EDD-A00A-4118-8556-A941C00FDDD4}.Release|Any CPU.ActiveCfg = Release|Any CPU
		{BB733EDD-A00A-4118-8556-A941C00FDDD4}.Release|Any CPU.Build.0 = Release|Any CPU
		{F1EA755B-38A6-4A02-9D8C-539E1426CBF2}.Debug|Any CPU.ActiveCfg = Debug|Any CPU
		{F1EA755B-38A6-4A02-9D8C-539E1426CBF2}.Debug|Any CPU.Build.0 = Debug|Any CPU
		{F1EA755B-38A6-4A02-9D8C-539E1426CBF2}.Release|Any CPU.ActiveCfg = Release|Any CPU
		{F1EA755B-38A6-4A02-9D8C-539E1426CBF2}.Release|Any CPU.Build.0 = Release|Any CPU
	EndGlobalSection
	GlobalSection(SolutionProperties) = preSolution
		HideSolutionNode = FALSE
	EndGlobalSection
EndGlobal
